{
  "nodes": {
    "crane": {
      "locked": {
        "lastModified": 1737689766,
        "narHash": "sha256-ivVXYaYlShxYoKfSo5+y5930qMKKJ8CLcAoIBPQfJ6s=",
        "owner": "ipetkov",
        "repo": "crane",
        "rev": "6fe74265bbb6d016d663b1091f015e2976c4a527",
        "type": "github"
      },
      "original": {
        "owner": "ipetkov",
        "repo": "crane",
        "type": "github"
      }
    },
    "flake-parts": {
      "inputs": {
        "nixpkgs-lib": "nixpkgs-lib"
      },
      "locked": {
        "lastModified": 1736143030,
        "narHash": "sha256-+hu54pAoLDEZT9pjHlqL9DNzWz0NbUn8NEAHP7PQPzU=",
        "owner": "hercules-ci",
        "repo": "flake-parts",
        "rev": "b905f6fc23a9051a6e1b741e1438dbfc0634c6de",
        "type": "github"
      },
      "original": {
        "owner": "hercules-ci",
        "repo": "flake-parts",
        "type": "github"
      }
    },
    "hc-launch": {
      "flake": false,
      "locked": {
        "lastModified": 1734474851,
        "narHash": "sha256-OtXwvb97Qt+xh/K4+voy60kMnpPZvEoqoe2Bgkn+Nro=",
        "owner": "holochain",
        "repo": "hc-launch",
        "rev": "ca598033225d8ee3df7911c1cbde6004182e84eb",
        "type": "github"
      },
      "original": {
        "owner": "holochain",
        "ref": "holochain-0.4",
        "repo": "hc-launch",
        "type": "github"
      }
    },
    "hc-scaffold": {
      "flake": false,
      "locked": {
        "lastModified": 1740552770,
        "narHash": "sha256-jBO0KgYrYnk+X2XkdTKlSCwuzmY1hP8PjoErhTsIgQY=",
        "owner": "holochain",
        "repo": "scaffolding",
        "rev": "2345fc1bead03d702116ac2ff7c6391bef6858ef",
        "type": "github"
      },
      "original": {
        "owner": "holochain",
        "ref": "holochain-0.4",
        "repo": "scaffolding",
        "type": "github"
      }
    },
    "holochain": {
      "flake": false,
      "locked": {
        "lastModified": 1741629985,
        "narHash": "sha256-0AwinPJL4F10cQvZWmFSQRFYG0cwFIg0zEg123/g738=",
        "owner": "holochain",
        "repo": "holochain",
        "rev": "e37bc3f71943bbcfde5d39ab934de4d3e78dec05",
        "type": "github"
      },
      "original": {
        "owner": "holochain",
        "ref": "holochain-0.4.2",
        "repo": "holochain",
        "type": "github"
      }
    },
    "holonix": {
      "inputs": {
        "crane": "crane",
        "flake-parts": "flake-parts",
        "hc-launch": "hc-launch",
        "hc-scaffold": "hc-scaffold",
        "holochain": "holochain",
        "lair-keystore": "lair-keystore",
        "nixpkgs": "nixpkgs",
        "rust-overlay": "rust-overlay"
      },
      "locked": {
        "lastModified": 1741645503,
        "narHash": "sha256-L2R4aHx61X/S/DxzDmUA+jCzpCYGFqF0YqXDejuE3o8=",
        "owner": "holochain",
        "repo": "holonix",
        "rev": "521d6108c66253a87a439a86004696b717fa94cb",
        "type": "github"
      },
      "original": {
        "owner": "holochain",
        "ref": "main-0.4",
        "repo": "holonix",
        "type": "github"
      }
    },
    "lair-keystore": {
      "flake": false,
      "locked": {
        "lastModified": 1732721902,
        "narHash": "sha256-D8sXIpOptaXib5bc6zS7KsGzu4D08jaL8Fx1W/mlADE=",
        "owner": "holochain",
        "repo": "lair",
        "rev": "e82937521ae9b7bdb30c8b0736c13cd4220a0223",
        "type": "github"
      },
      "original": {
        "owner": "holochain",
        "ref": "lair_keystore-v0.5.3",
        "repo": "lair",
        "type": "github"
      }
    },
    "nixpkgs": {
      "locked": {
        "lastModified": 1738023785,
        "narHash": "sha256-BPHmb3fUwdHkonHyHi1+x89eXB3kA1jffIpwPVJIVys=",
        "owner": "nixos",
        "repo": "nixpkgs",
        "rev": "2b4230bf03deb33103947e2528cac2ed516c5c89",
        "type": "github"
      },
      "original": {
        "owner": "nixos",
        "ref": "nixos-24.11",
        "repo": "nixpkgs",
        "type": "github"
      }
    },
    "nixpkgs-lib": {
      "locked": {
        "lastModified": 1735774519,
        "narHash": "sha256-CewEm1o2eVAnoqb6Ml+Qi9Gg/EfNAxbRx1lANGVyoLI=",
        "type": "tarball",
        "url": "https://github.com/NixOS/nixpkgs/archive/e9b51731911566bbf7e4895475a87fe06961de0b.tar.gz"
      },
      "original": {
        "type": "tarball",
        "url": "https://github.com/NixOS/nixpkgs/archive/e9b51731911566bbf7e4895475a87fe06961de0b.tar.gz"
      }
    },
    "root": {
      "inputs": {
        "holonix": "holonix",
        "nixpkgs": [
          "holonix",
          "nixpkgs"
        ]
      }
    },
    "rust-overlay": {
      "inputs": {
        "nixpkgs": [
          "holonix",
          "nixpkgs"
        ]
      },
      "locked": {
        "lastModified": 1738117527,
        "narHash": "sha256-GFviGfaezjGLFUlxdv3zyC7rSZvTXqwcG/YsF6MDkOw=",
        "owner": "oxalica",
        "repo": "rust-overlay",
        "rev": "6a3dc6ce4132bd57359214d986db376f2333c14d",
        "type": "github"
      },
      "original": {
        "owner": "oxalica",
        "repo": "rust-overlay",
        "type": "github"
      }
    }
  },
  "root": "root",
  "version": 7
}
