{
  "nodes": {
    "crane": {
      "locked": {
        "lastModified": 1752946753,
        "narHash": "sha256-g5uP3jIj+STUcfTJDKYopxnSijs2agRg13H0SGL5iE4=",
        "owner": "ipetkov",
        "repo": "crane",
        "rev": "544d09fecc8c2338542c57f3f742f1a0c8c71e13",
        "type": "github"
      },
      "original": {
        "owner": "ipetkov",
        "repo": "crane",
        "type": "github"
      }
    },
    "flake-parts": {
      "inputs": {
        "nixpkgs-lib": "nixpkgs-lib"
      },
      "locked": {
        "lastModified": 1753121425,
        "narHash": "sha256-TVcTNvOeWWk1DXljFxVRp+E0tzG1LhrVjOGGoMHuXio=",
        "owner": "hercules-ci",
        "repo": "flake-parts",
        "rev": "644e0fc48951a860279da645ba77fe4a6e814c5e",
        "type": "github"
      },
      "original": {
        "owner": "hercules-ci",
        "repo": "flake-parts",
        "type": "github"
      }
    },
    "hc-launch": {
      "flake": false,
      "locked": {
        "lastModified": 1752056054,
        "narHash": "sha256-iLHhGQXrSfgAibzLSx+mdOQnnTzq4mrRXto7+a+MDLM=",
        "owner": "holochain",
        "repo": "hc-launch",
        "rev": "612aa244ceb4d2136e5adbf181ff0cc123daff65",
        "type": "github"
      },
      "original": {
        "owner": "holochain",
        "ref": "holochain-weekly",
        "repo": "hc-launch",
        "type": "github"
      }
    },
    "hc-scaffold": {
      "flake": false,
      "locked": {
        "lastModified": 1743001074,
        "narHash": "sha256-FtFGAFY+d6eEP85PkkyhwD2G9fXx4jrQiNjik3Hyqmk=",
        "owner": "holochain",
        "repo": "scaffolding",
        "rev": "2ad60188fe6a2bba7b68b414f0d6528967d48400",
        "type": "github"
      },
      "original": {
        "owner": "holochain",
        "ref": "holochain-weekly",
        "repo": "scaffolding",
        "type": "github"
      }
    },
    "holochain": {
      "flake": false,
      "locked": {
        "lastModified": 1756913828,
        "narHash": "sha256-g6uMmnyvWLauoN56UnRcqp9g6XXsgt6dMq7olp0GrkA=",
        "owner": "holochain",
        "repo": "holochain",
        "rev": "86affa7aa25eb7e02864d28ff60222351b6ccee4",
        "type": "github"
      },
      "original": {
        "owner": "holochain",
        "ref": "holochain-0.6.0-dev.20",
        "repo": "holochain",
        "type": "github"
      }
    },
    "holonix": {
      "inputs": {
        "crane": "crane",
        "flake-parts": "flake-parts",
        "hc-launch": "hc-launch",
        "hc-scaffold": "hc-scaffold",
        "holochain": "holochain",
        "kitsune2": "kitsune2",
        "lair-keystore": "lair-keystore",
        "nixpkgs": "nixpkgs",
        "playground": "playground",
        "rust-overlay": "rust-overlay"
      },
      "locked": {
        "lastModified": 1756927627,
        "narHash": "sha256-InyCu7VmnrDuFc920nZpMfNKPm+Kz6Lu5CpsX+ks/Ew=",
        "owner": "holochain",
        "repo": "holonix",
        "rev": "4747d05952043702ef59d01372c6807224e4143e",
        "type": "github"
      },
      "original": {
        "owner": "holochain",
        "ref": "main",
        "repo": "holonix",
        "type": "github"
      }
    },
    "kitsune2": {
      "flake": false,
      "locked": {
        "lastModified": 1751453889,
        "narHash": "sha256-U0iB9rhYWLoie9i/L3vASZyUHUQNukyPlvkIe79prTU=",
        "owner": "holochain",
        "repo": "kitsune2",
        "rev": "d260ba4b3c9be0481d754876c501d08e76a3a45b",
        "type": "github"
      },
      "original": {
        "owner": "holochain",
        "ref": "v0.2.11",
        "repo": "kitsune2",
        "type": "github"
      }
    },
    "lair-keystore": {
      "flake": false,
      "locked": {
        "lastModified": 1750349209,
        "narHash": "sha256-IUj2u8I2YSVZGrZ234mVCPENTg239LSG05TysoB3t+A=",
        "owner": "holochain",
        "repo": "lair",
        "rev": "978e3569e6a9cf674d2f1fc380cc82a87a43c78a",
        "type": "github"
      },
      "original": {
        "owner": "holochain",
        "ref": "v0.6.2",
        "repo": "lair",
        "type": "github"
      }
    },
    "nixpkgs": {
      "locked": {
        "lastModified": 1753115646,
        "narHash": "sha256-yLuz5cz5Z+sn8DRAfNkrd2Z1cV6DaYO9JMrEz4KZo/c=",
        "owner": "nixos",
        "repo": "nixpkgs",
        "rev": "92c2e04a475523e723c67ef872d8037379073681",
        "type": "github"
      },
      "original": {
        "owner": "nixos",
        "ref": "nixos-25.05",
        "repo": "nixpkgs",
        "type": "github"
      }
    },
    "nixpkgs-lib": {
      "locked": {
        "lastModified": 1751159883,
        "narHash": "sha256-urW/Ylk9FIfvXfliA1ywh75yszAbiTEVgpPeinFyVZo=",
        "owner": "nix-community",
        "repo": "nixpkgs.lib",
        "rev": "14a40a1d7fb9afa4739275ac642ed7301a9ba1ab",
        "type": "github"
      },
      "original": {
        "owner": "nix-community",
        "repo": "nixpkgs.lib",
        "type": "github"
      }
    },
    "playground": {
      "flake": false,
      "locked": {
        "lastModified": 1753170537,
        "narHash": "sha256-vnaU7xkEWXQ/Bg+IkZT+hkF3h/ZFQ31IFEURpoT8ew8=",
        "owner": "darksoil-studio",
        "repo": "holochain-playground",
        "rev": "464d4220865aefd91cf9db19399dfa435c919db7",
        "type": "github"
      },
      "original": {
        "owner": "darksoil-studio",
        "ref": "main",
        "repo": "holochain-playground",
        "type": "github"
      }
    },
    "root": {
      "inputs": {
        "holonix": "holonix",
        "nixpkgs": [
          "holonix",
          "nixpkgs"
        ]
      }
    },
    "rust-overlay": {
      "inputs": {
        "nixpkgs": [
          "holonix",
          "nixpkgs"
        ]
      },
      "locked": {
        "lastModified": 1753156081,
        "narHash": "sha256-N+8LM+zvS6cP+VG2vxgEEDCyX1T9EUq9wXTSvGwX9TM=",
        "owner": "oxalica",
        "repo": "rust-overlay",
        "rev": "8610c0f3801fc8dec7eb4b79c95fb39d16f38a80",
        "type": "github"
      },
      "original": {
        "owner": "oxalica",
        "repo": "rust-overlay",
        "type": "github"
      }
    }
  },
  "root": "root",
  "version": 7
}
